{
	"name": "@moodlenet/dev-machine",
	"version": "3.0.0",
	"lockfileVersion": 2,
	"requires": true,
	"packages": {
		"": {
			"name": "@moodlenet/dev-machine",
			"version": "3.0.0",
			"license": "AGPL-3.0",
			"dependencies": {
				"dotenv": "^16.0.0",
				"dotenv-expand": "^8.0.1"
			}
		},
		"../kernel": {
			"name": "@moodlenet/kernel",
			"version": "1.0.0",
			"extraneous": true,
			"license": "AGPL-3.0",
			"dependencies": {
				"arangojs": "^7.7.0",
				"bullmq": "^1.74.2",
				"pkg-dir": "^5",
				"rxjs": "^7.5.4",
				"rxjs-compat": "^6.6.7"
			},
			"devDependencies": {
				"@types/node": "^17.0.18",
				"@types/react": "^17.0.39",
				"@types/react-dom": "^17.0.11",
				"node-dev": "^7.1.0",
				"react": "^17.0.2",
				"react-dom": "^17.0.2",
				"shx": "^0.3.4",
				"type-fest": "^2.11.2",
				"typescript": "^4.5.5"
			}
		},
		"../pkg-mng": {
			"name": "@moodlenet/pkg-mng",
			"version": "1.0.0",
			"extraneous": true,
			"license": "AGPL-3.0",
			"dependencies": {
				"bullmq": "^1.74.2",
				"dotenv": "^16.0.0",
				"dotenv-expand": "^8.0.1",
				"execa": "^6.1.0",
				"lmify": "^0.3.0",
				"pkg-dir": "^5"
			},
			"devDependencies": {
				"@types/dotenv": "^8.2.0",
				"@types/node": "^17.0.18",
				"node-dev": "^7.1.0",
				"shx": "^0.3.4",
				"typescript": "^4.5.5"
			}
		},
		"../pri-http": {
			"name": "@moodlenet/pri-http",
			"version": "1.0.0",
			"extraneous": true,
			"license": "AGPL-3.0",
			"dependencies": {
				"body-parser": "^1.19.2",
				"express": "^4.17.2"
			},
			"devDependencies": {
				"@types/express": "^4.17.13",
				"@types/node": "^17.0.18",
				"shx": "^0.3.4",
				"typescript": "^4.5.5"
			}
		},
		"../webapp": {
			"name": "@moodlenet/webapp",
			"version": "1.0.0",
			"extraneous": true,
			"license": "AGPL-3.0",
			"dependencies": {
				"react": "^17.0.2",
				"react-dom": "^17.0.2",
				"web-vitals": "^2.1.4"
			},
			"devDependencies": {
				"@testing-library/jest-dom": "^5.16.2",
				"@testing-library/react": "^12.1.2",
				"@testing-library/user-event": "^13.5.0",
				"@types/jest": "^27.4.0",
				"@types/node": "^17.0.18",
				"@types/react": "^17.0.39",
				"@types/react-dom": "^17.0.11",
				"react-scripts": "5.0.0",
				"shx": "^0.3.4",
				"typescript": "^4.5.5"
			}
		},
		"node_modules/dotenv": {
			"version": "16.0.0",
			"resolved": "https://registry.npmjs.org/dotenv/-/dotenv-16.0.0.tgz",
			"integrity": "sha512-qD9WU0MPM4SWLPJy/r2Be+2WgQj8plChsyrCNQzW/0WjvcJQiKQJ9mH3ZgB3fxbUUxgc/11ZJ0Fi5KiimWGz2Q==",
			"engines": {
				"node": ">=12"
			}
		},
		"node_modules/dotenv-expand": {
			"version": "8.0.1",
			"resolved": "https://registry.npmjs.org/dotenv-expand/-/dotenv-expand-8.0.1.tgz",
			"integrity": "sha512-j/Ih7bIERDR5PzI89Zu8ayd3tXZ6E3dbY0ljQ9Db0K87qBO8zdLsi2dIvDHMWtjC3Yxb8XixOTHAtia0fDHRpg==",
			"engines": {
				"node": ">=12"
			}
		}
	},
	"dependencies": {
		"dotenv": {
			"version": "16.0.0",
			"resolved": "https://registry.npmjs.org/dotenv/-/dotenv-16.0.0.tgz",
			"integrity": "sha512-qD9WU0MPM4SWLPJy/r2Be+2WgQj8plChsyrCNQzW/0WjvcJQiKQJ9mH3ZgB3fxbUUxgc/11ZJ0Fi5KiimWGz2Q=="
		},
		"dotenv-expand": {
			"version": "8.0.1",
			"resolved": "https://registry.npmjs.org/dotenv-expand/-/dotenv-expand-8.0.1.tgz",
			"integrity": "sha512-j/Ih7bIERDR5PzI89Zu8ayd3tXZ6E3dbY0ljQ9Db0K87qBO8zdLsi2dIvDHMWtjC3Yxb8XixOTHAtia0fDHRpg=="
		}
	}
}
