# THIS IS AN AUTOGENERATED FILE. DO NOT EDIT THIS FILE DIRECTLY.
# yarn lockfile v1


"@moodlenet/kernel@file:../kernel":
  "resolved" "file:../kernel"
  "version" "1.0.0"
  dependencies:
    "bullmq" "^1.74.2"
    "pkg-dir" "^5"

"@moodlenet/pri-http@file:../pri-http":
  "resolved" "file:../pri-http"
  "version" "1.0.0"
  dependencies:
    "express" "^4.17.2"

"@types/dotenv@^8.2.0":
  "integrity" "sha512-ylSC9GhfRH7m1EUXBXofhgx4lUWmFeQDINW5oLuS+gxWdfUeW4zJdeVTYVkexEW+e2VUvlZR2kGnGGipAWR7kw=="
  "resolved" "https://registry.npmjs.org/@types/dotenv/-/dotenv-8.2.0.tgz"
  "version" "8.2.0"
  dependencies:
    "dotenv" "*"

"@types/node@^17.0.18":
  "integrity" "sha512-eKj4f/BsN/qcculZiRSujogjvp5O/k4lOW5m35NopjZM/QwLOR075a8pJW5hD+Rtdm2DaCVPENS6KtSQnUD6BA=="
  "resolved" "https://registry.npmjs.org/@types/node/-/node-17.0.18.tgz"
  "version" "17.0.18"

"at-least-node@^1.0.0":
  "integrity" "sha512-+q/t7Ekv1EDY2l6Gda6LLiX14rU9TV20Wa3ofeQmwPFZbOMo9DXrLbOjFaaclkXKWidIaopwAObQDqwWtGUjqg=="
  "resolved" "https://registry.npmjs.org/at-least-node/-/at-least-node-1.0.0.tgz"
  "version" "1.0.0"

"balanced-match@^1.0.0":
  "integrity" "sha512-3oSeUO0TMV67hN1AmbXsK4yaqU7tjiHlbxRDZOpH0KW9+CeX4bRAaX0Anxt0tx2MrpRpWwQaPwIlISEJhYU5Pw=="
  "resolved" "https://registry.npmjs.org/balanced-match/-/balanced-match-1.0.2.tgz"
  "version" "1.0.2"

"brace-expansion@^1.1.7":
  "integrity" "sha512-iCuPHDFgrHX7H2vEI/5xpz07zSHB00TpugqhmYtVmMO6518mCuRMoOYFldEBl0g187ufozdaHgWKcYFb61qGiA=="
  "resolved" "https://registry.npmjs.org/brace-expansion/-/brace-expansion-1.1.11.tgz"
  "version" "1.1.11"
  dependencies:
    "balanced-match" "^1.0.0"
    "concat-map" "0.0.1"

"bullmq@^1.74.2":
  "integrity" "sha512-qf0xjF3NDbZqi6ovxAA9QPrPdEgl3BrdYzQO5Pr+ECNIfscLpSXz87kVXI0oTPeDqxw5EJx4sh8EFf2RvVPYTg=="
  "resolved" "https://registry.npmjs.org/bullmq/-/bullmq-1.74.2.tgz"
  "version" "1.74.2"
  dependencies:
    "cron-parser" "^2.18.0"
    "get-port" "^5.1.1"
    "glob" "^7.2.0"
    "ioredis" "^4.28.2"
    "lodash" "^4.17.21"
    "msgpackr" "^1.4.6"
    "semver" "^6.3.0"
    "tslib" "^1.14.1"
    "uuid" "^8.3.2"

"call-bind@^1.0.0":
  "integrity" "sha512-7O+FbCihrB5WGbFYesctwmTKae6rOiIzmz1icreWJ+0aA7LJfuqhEso2T9ncpcFtzMQtzXf2QGGueWJGTYsqrA=="
  "resolved" "https://registry.npmjs.org/call-bind/-/call-bind-1.0.2.tgz"
  "version" "1.0.2"
  dependencies:
    "function-bind" "^1.1.1"
    "get-intrinsic" "^1.0.2"

"ci-info@^3.1.1":
  "integrity" "sha512-riT/3vI5YpVH6/qomlDnJow6TBee2PBKSEpx3O32EGPYbWGIRsIlGRms3Sm74wYE1JMo8RnO04Hb12+v1J5ICw=="
  "resolved" "https://registry.npmjs.org/ci-info/-/ci-info-3.3.0.tgz"
  "version" "3.3.0"

"cluster-key-slot@^1.1.0":
  "integrity" "sha512-2Nii8p3RwAPiFwsnZvukotvow2rIHM+yQ6ZcBXGHdniadkYGZYiGmkHJIbZPIV9nfv7m/U1IPMVVcAhoWFeklw=="
  "resolved" "https://registry.npmjs.org/cluster-key-slot/-/cluster-key-slot-1.1.0.tgz"
  "version" "1.1.0"

"concat-map@0.0.1":
  "integrity" "sha1-2Klr13/Wjfd5OnMDajug1UBdR3s="
  "resolved" "https://registry.npmjs.org/concat-map/-/concat-map-0.0.1.tgz"
  "version" "0.0.1"

"cron-parser@^2.18.0":
  "integrity" "sha512-s4odpheTyydAbTBQepsqd2rNWGa2iV3cyo8g7zbI2QQYGLVsfbhmwukayS1XHppe02Oy1fg7mg6xoaraVJeEcg=="
  "resolved" "https://registry.npmjs.org/cron-parser/-/cron-parser-2.18.0.tgz"
  "version" "2.18.0"
  dependencies:
    "is-nan" "^1.3.0"
    "moment-timezone" "^0.5.31"

"cross-spawn@^7.0.0":
  "integrity" "sha512-iRDPJKUPVEND7dHPO8rkbOnPpyDygcDFtWjpeWNCgy8WP2rXcxXL8TskReQl6OrB2G7+UJrags1q15Fudc7G6w=="
  "resolved" "https://registry.npmjs.org/cross-spawn/-/cross-spawn-7.0.3.tgz"
  "version" "7.0.3"
  dependencies:
    "path-key" "^3.1.0"
    "shebang-command" "^2.0.0"
    "which" "^2.0.1"

"dateformat@^3.0.3":
  "integrity" "sha512-jyCETtSl3VMZMWeRo7iY1FL19ges1t55hMo5yaam4Jrsm5EPL89UQkoQRyiI+Yf4k8r2ZpdngkV8hr1lIdjb3Q=="
  "resolved" "https://registry.npmjs.org/dateformat/-/dateformat-3.0.3.tgz"
  "version" "3.0.3"

"debounce@^1.0.0":
  "integrity" "sha512-XRRe6Glud4rd/ZGQfiV1ruXSfbvfJedlV9Y6zOlP+2K04vBYiJEte6stfFkCP03aMnY5tsipamumUjL14fofug=="
  "resolved" "https://registry.npmjs.org/debounce/-/debounce-1.2.1.tgz"
  "version" "1.2.1"

"debug@^4.3.1":
  "integrity" "sha512-/zxw5+vh1Tfv+4Qn7a5nsbcJKPaSvCDhojn6FEl9vupwK2VCSDtEiEtqr8DFtzYFOdz63LBkxec7DYuc2jon6Q=="
  "resolved" "https://registry.npmjs.org/debug/-/debug-4.3.3.tgz"
  "version" "4.3.3"
  dependencies:
    "ms" "2.1.2"

"define-properties@^1.1.3":
  "integrity" "sha512-3MqfYKj2lLzdMSf8ZIZE/V+Zuy+BgD6f164e8K2w7dgnpKArBDerGYpM46IYYcjnkdPNMjPk9A6VFB8+3SKlXQ=="
  "resolved" "https://registry.npmjs.org/define-properties/-/define-properties-1.1.3.tgz"
  "version" "1.1.3"
  dependencies:
    "object-keys" "^1.0.12"

"denque@^1.1.0":
  "integrity" "sha512-XwE+iZ4D6ZUB7mfYRMb5wByE8L74HCn30FBN7sWnXksWc1LO1bPDl67pBR9o/kC4z/xSNAwkMYcGgqDV3BE3Hw=="
  "resolved" "https://registry.npmjs.org/denque/-/denque-1.5.1.tgz"
  "version" "1.5.1"

"dotenv-expand@^8.0.1":
  "integrity" "sha512-j/Ih7bIERDR5PzI89Zu8ayd3tXZ6E3dbY0ljQ9Db0K87qBO8zdLsi2dIvDHMWtjC3Yxb8XixOTHAtia0fDHRpg=="
  "resolved" "https://registry.npmjs.org/dotenv-expand/-/dotenv-expand-8.0.1.tgz"
  "version" "8.0.1"

"dotenv@*", "dotenv@^16.0.0":
  "integrity" "sha512-qD9WU0MPM4SWLPJy/r2Be+2WgQj8plChsyrCNQzW/0WjvcJQiKQJ9mH3ZgB3fxbUUxgc/11ZJ0Fi5KiimWGz2Q=="
  "resolved" "https://registry.npmjs.org/dotenv/-/dotenv-16.0.0.tgz"
  "version" "16.0.0"

"dynamic-dedupe@^0.3.0":
  "integrity" "sha1-BuRMIj9eTpTXjvnbI6ZRXOL5YqE="
  "resolved" "https://registry.npmjs.org/dynamic-dedupe/-/dynamic-dedupe-0.3.0.tgz"
  "version" "0.3.0"
  dependencies:
    "xtend" "^4.0.0"

"end-of-stream@^1.1.0":
  "integrity" "sha512-+uw1inIHVPQoaVuHzRyXd21icM+cnt4CzD5rW+NC1wjOUSTOs+Te7FOv7AhN7vS9x/oIyhLP5PR1H+phQAHu5Q=="
  "resolved" "https://registry.npmjs.org/end-of-stream/-/end-of-stream-1.4.4.tgz"
  "version" "1.4.4"
  dependencies:
    "once" "^1.4.0"

"execa@^4.0.0":
  "integrity" "sha512-j5W0//W7f8UxAn8hXVnwG8tLwdiUy4FJLcSupCg6maBYZDpyBvTApK7KyuI4bKj8KOh1r2YH+6ucuYtJv1bTZA=="
  "resolved" "https://registry.npmjs.org/execa/-/execa-4.1.0.tgz"
  "version" "4.1.0"
  dependencies:
    "cross-spawn" "^7.0.0"
    "get-stream" "^5.0.0"
    "human-signals" "^1.1.1"
    "is-stream" "^2.0.0"
    "merge-stream" "^2.0.0"
    "npm-run-path" "^4.0.0"
    "onetime" "^5.1.0"
    "signal-exit" "^3.0.2"
    "strip-final-newline" "^2.0.0"

"filewatcher@~3.0.0":
  "integrity" "sha1-9KGVc1Xdr0Q8zXiolfPVXiPIoDQ="
  "resolved" "https://registry.npmjs.org/filewatcher/-/filewatcher-3.0.1.tgz"
  "version" "3.0.1"
  dependencies:
    "debounce" "^1.0.0"

"find-up@^5.0.0":
  "integrity" "sha512-78/PXT1wlLLDgTzDs7sjq9hzz0vXD+zn+7wypEe4fXQxCmdmqfGsEPQxmiCSQI3ajFV91bVSsvNtrJRiW6nGng=="
  "resolved" "https://registry.npmjs.org/find-up/-/find-up-5.0.0.tgz"
  "version" "5.0.0"
  dependencies:
    "locate-path" "^6.0.0"
    "path-exists" "^4.0.0"

"fs-extra@^9.0.0":
  "integrity" "sha512-hcg3ZmepS30/7BSFqRvoo3DOMQu7IjqxO5nCDt+zM9XWjb33Wg7ziNT+Qvqbuc3+gWpzO02JubVyk2G4Zvo1OQ=="
  "resolved" "https://registry.npmjs.org/fs-extra/-/fs-extra-9.1.0.tgz"
  "version" "9.1.0"
  dependencies:
    "at-least-node" "^1.0.0"
    "graceful-fs" "^4.2.0"
    "jsonfile" "^6.0.1"
    "universalify" "^2.0.0"

"fs.realpath@^1.0.0":
  "integrity" "sha1-FQStJSMVjKpA20onh8sBQRmU6k8="
  "resolved" "https://registry.npmjs.org/fs.realpath/-/fs.realpath-1.0.0.tgz"
  "version" "1.0.0"

"function-bind@^1.1.1":
  "integrity" "sha512-yIovAzMX49sF8Yl58fSCWJ5svSLuaibPxXQJFLmBObTuCr0Mf1KiPopGM9NiFjiYBCbfaa2Fh6breQ6ANVTI0A=="
  "resolved" "https://registry.npmjs.org/function-bind/-/function-bind-1.1.1.tgz"
  "version" "1.1.1"

"get-intrinsic@^1.0.2":
  "integrity" "sha512-kWZrnVM42QCiEA2Ig1bG8zjoIMOgxWwYCEeNdwY6Tv/cOSeGpcoX4pXHfKUxNKVoArnrEr2e9srnAxxGIraS9Q=="
  "resolved" "https://registry.npmjs.org/get-intrinsic/-/get-intrinsic-1.1.1.tgz"
  "version" "1.1.1"
  dependencies:
    "function-bind" "^1.1.1"
    "has" "^1.0.3"
    "has-symbols" "^1.0.1"

"get-port@^5.1.1":
  "integrity" "sha512-g/Q1aTSDOxFpchXC4i8ZWvxA1lnPqx/JHqcpIw0/LX9T8x/GBbi6YnlN5nhaKIFkT8oFsscUKgDJYxfwfS6QsQ=="
  "resolved" "https://registry.npmjs.org/get-port/-/get-port-5.1.1.tgz"
  "version" "5.1.1"

"get-stream@^5.0.0":
  "integrity" "sha512-nBF+F1rAZVCu/p7rjzgA+Yb4lfYXrpl7a6VmJrU8wF9I1CKvP/QwPNZHnOlwbTkY6dvtFIzFMSyQXbLoTQPRpA=="
  "resolved" "https://registry.npmjs.org/get-stream/-/get-stream-5.2.0.tgz"
  "version" "5.2.0"
  dependencies:
    "pump" "^3.0.0"

"glob@^7.0.0", "glob@^7.2.0":
  "integrity" "sha512-lmLf6gtyrPq8tTjSmrO94wBeQbFR3HbLHbuyD69wuyQkImp2hWqMGB47OX65FBkPffO641IP9jWa1z4ivqG26Q=="
  "resolved" "https://registry.npmjs.org/glob/-/glob-7.2.0.tgz"
  "version" "7.2.0"
  dependencies:
    "fs.realpath" "^1.0.0"
    "inflight" "^1.0.4"
    "inherits" "2"
    "minimatch" "^3.0.4"
    "once" "^1.3.0"
    "path-is-absolute" "^1.0.0"

"graceful-fs@^4.1.6", "graceful-fs@^4.2.0":
  "integrity" "sha512-NtNxqUcXgpW2iMrfqSfR73Glt39K+BLwWsPs94yR63v45T0Wbej7eRmL5cWfwEgqXnmjQp3zaJTshdRW/qC2ZQ=="
  "resolved" "https://registry.npmjs.org/graceful-fs/-/graceful-fs-4.2.9.tgz"
  "version" "4.2.9"

"growly@^1.3.0":
  "integrity" "sha1-8QdIy+dq+WS3yWyTxrzCivEgwIE="
  "resolved" "https://registry.npmjs.org/growly/-/growly-1.3.0.tgz"
  "version" "1.3.0"

"has-symbols@^1.0.1":
  "integrity" "sha512-chXa79rL/UC2KlX17jo3vRGz0azaWEx5tGqZg5pO3NUyEJVB17dMruQlzCCOfUvElghKcm5194+BCRvi2Rv/Gw=="
  "resolved" "https://registry.npmjs.org/has-symbols/-/has-symbols-1.0.2.tgz"
  "version" "1.0.2"

"has@^1.0.3":
  "integrity" "sha512-f2dvO0VU6Oej7RkWJGrehjbzMAjFp5/VKPp5tTpWIV4JHHZK1/BxbFRtf/siA2SWTe09caDmVtYYzWEIbBS4zw=="
  "resolved" "https://registry.npmjs.org/has/-/has-1.0.3.tgz"
  "version" "1.0.3"
  dependencies:
    "function-bind" "^1.1.1"

"human-signals@^1.1.1":
  "integrity" "sha512-SEQu7vl8KjNL2eoGBLF3+wAjpsNfA9XMlXAYj/3EdaNfAlxKthD1xjEQfGOUhllCGGJVNY34bRr6lPINhNjyZw=="
  "resolved" "https://registry.npmjs.org/human-signals/-/human-signals-1.1.1.tgz"
  "version" "1.1.1"

"inflight@^1.0.4":
  "integrity" "sha1-Sb1jMdfQLQwJvJEKEHW6gWW1bfk="
  "resolved" "https://registry.npmjs.org/inflight/-/inflight-1.0.6.tgz"
  "version" "1.0.6"
  dependencies:
    "once" "^1.3.0"
    "wrappy" "1"

"inherits@2":
  "integrity" "sha512-k/vGaX4/Yla3WzyMCvTQOXYeIHvqOKtnqBduzTHpzpQZzAskKMhZ2K+EnBiSM9zGSoIFeMpXKxa4dYeZIQqewQ=="
  "resolved" "https://registry.npmjs.org/inherits/-/inherits-2.0.4.tgz"
  "version" "2.0.4"

"interpret@^1.0.0":
  "integrity" "sha512-agE4QfB2Lkp9uICn7BAqoscw4SZP9kTE2hxiFI3jBPmXJfdqiahTbUuKGsMoN2GtqL9AxhYioAcVvgsb1HvRbA=="
  "resolved" "https://registry.npmjs.org/interpret/-/interpret-1.4.0.tgz"
  "version" "1.4.0"

"ioredis@^4.28.2":
  "integrity" "sha512-3GYo0GJtLqgNXj4YhrisLaNNvWSNwSS2wS4OELGfGxH8I69+XfNdnmV1AyN+ZqMh0i7eX+SWjrwFKDBDgfBC1A=="
  "resolved" "https://registry.npmjs.org/ioredis/-/ioredis-4.28.5.tgz"
  "version" "4.28.5"
  dependencies:
    "cluster-key-slot" "^1.1.0"
    "debug" "^4.3.1"
    "denque" "^1.1.0"
    "lodash.defaults" "^4.2.0"
    "lodash.flatten" "^4.4.0"
    "lodash.isarguments" "^3.1.0"
    "p-map" "^2.1.0"
    "redis-commands" "1.7.0"
    "redis-errors" "^1.2.0"
    "redis-parser" "^3.0.0"
    "standard-as-callback" "^2.1.0"

"is-core-module@^2.8.1":
  "integrity" "sha512-SdNCUs284hr40hFTFP6l0IfZ/RSrMXF3qgoRHd3/79unUTvrFO/JoXwkGm+5J/Oe3E/b5GsnG330uUNgRpu1PA=="
  "resolved" "https://registry.npmjs.org/is-core-module/-/is-core-module-2.8.1.tgz"
  "version" "2.8.1"
  dependencies:
    "has" "^1.0.3"

"is-docker@^2.0.0":
  "integrity" "sha512-F+i2BKsFrH66iaUFc0woD8sLy8getkwTwtOBjvs56Cx4CgJDeKQeqfz8wAYiSb8JOprWhHH5p77PbmYCvvUuXQ=="
  "resolved" "https://registry.npmjs.org/is-docker/-/is-docker-2.2.1.tgz"
  "version" "2.2.1"

"is-nan@^1.3.0":
  "integrity" "sha512-E+zBKpQ2t6MEo1VsonYmluk9NxGrbzpeeLC2xIViuO2EjU2xsXsBPwTr3Ykv9l08UYEVEdWeRZNouaZqF6RN0w=="
  "resolved" "https://registry.npmjs.org/is-nan/-/is-nan-1.3.2.tgz"
  "version" "1.3.2"
  dependencies:
    "call-bind" "^1.0.0"
    "define-properties" "^1.1.3"

"is-stream@^2.0.0":
  "integrity" "sha512-hFoiJiTl63nn+kstHGBtewWSKnQLpyb155KHheA1l39uvtO9nWIop1p3udqPcUd/xbF1VLMO4n7OI6p7RbngDg=="
  "resolved" "https://registry.npmjs.org/is-stream/-/is-stream-2.0.1.tgz"
  "version" "2.0.1"

"is-wsl@^2.2.0":
  "integrity" "sha512-fKzAra0rGJUUBwGBgNkHZuToZcn+TtXHpeCgmkMJMMYx1sQDYaCSyjJBSCa2nH1DGm7s3n1oBnohoVTBaN7Lww=="
  "resolved" "https://registry.npmjs.org/is-wsl/-/is-wsl-2.2.0.tgz"
  "version" "2.2.0"
  dependencies:
    "is-docker" "^2.0.0"

"isexe@^2.0.0":
  "integrity" "sha1-6PvzdNxVb/iUehDcsFctYz8s+hA="
  "resolved" "https://registry.npmjs.org/isexe/-/isexe-2.0.0.tgz"
  "version" "2.0.0"

"jsonfile@^6.0.1":
  "integrity" "sha512-5dgndWOriYSm5cnYaJNhalLNDKOqFwyDB/rr1E9ZsGciGvKPs8R2xYGCacuf3z6K1YKDz182fd+fY3cn3pMqXQ=="
  "resolved" "https://registry.npmjs.org/jsonfile/-/jsonfile-6.1.0.tgz"
  "version" "6.1.0"
  dependencies:
    "universalify" "^2.0.0"
  optionalDependencies:
    "graceful-fs" "^4.1.6"

"lmify@^0.3.0":
  "integrity" "sha512-Yc4LT2QdkZJXTgwrTEV6T3RRpNIVIh0lMEuITUfj8e7SeWO8hq6Llyq7n588LUuX+rkoBnl2AyyrdYYJ4uxODA=="
  "resolved" "https://registry.npmjs.org/lmify/-/lmify-0.3.0.tgz"
  "version" "0.3.0"
  dependencies:
    "execa" "^4.0.0"
    "fs-extra" "^9.0.0"
    "std-env" "^2.2.1"

"locate-path@^6.0.0":
  "integrity" "sha512-iPZK6eYjbxRu3uB4/WZ3EsEIMJFMqAoopl3R+zuq0UjcAm/MO6KCweDgPfP3elTztoKP3KtnVHxTn2NHBSDVUw=="
  "resolved" "https://registry.npmjs.org/locate-path/-/locate-path-6.0.0.tgz"
  "version" "6.0.0"
  dependencies:
    "p-locate" "^5.0.0"

"lodash.defaults@^4.2.0":
  "integrity" "sha1-0JF4cW/+pN3p5ft7N/bwgCJ0WAw="
  "resolved" "https://registry.npmjs.org/lodash.defaults/-/lodash.defaults-4.2.0.tgz"
  "version" "4.2.0"

"lodash.flatten@^4.4.0":
  "integrity" "sha1-8xwiIlqWMtK7+OSt2+8kCqdlph8="
  "resolved" "https://registry.npmjs.org/lodash.flatten/-/lodash.flatten-4.4.0.tgz"
  "version" "4.4.0"

"lodash.isarguments@^3.1.0":
  "integrity" "sha1-L1c9hcaiQon/AGY7SRwdM4/zRYo="
  "resolved" "https://registry.npmjs.org/lodash.isarguments/-/lodash.isarguments-3.1.0.tgz"
  "version" "3.1.0"

"lodash@^4.17.21":
  "integrity" "sha512-v2kDEe57lecTulaDIuNTPy3Ry4gLGJ6Z1O3vE1krgXZNrsQ+LFTGHVxVjcXPs17LhbZVGedAJv8XZ1tvj5FvSg=="
  "resolved" "https://registry.npmjs.org/lodash/-/lodash-4.17.21.tgz"
  "version" "4.17.21"

"lru-cache@^6.0.0":
  "integrity" "sha512-Jo6dJ04CmSjuznwJSS3pUeWmd/H0ffTlkXXgwZi+eq1UCmqQwCh+eLsYOYCwY991i2Fah4h1BEMCx4qThGbsiA=="
  "resolved" "https://registry.npmjs.org/lru-cache/-/lru-cache-6.0.0.tgz"
  "version" "6.0.0"
  dependencies:
    "yallist" "^4.0.0"

"merge-stream@^2.0.0":
  "integrity" "sha512-abv/qOcuPfk3URPfDzmZU1LKmuw8kT+0nIHvKrKgFrwifol/doWcdA4ZqsWQ8ENrFKkd67Mfpo/LovbIUsbt3w=="
  "resolved" "https://registry.npmjs.org/merge-stream/-/merge-stream-2.0.0.tgz"
  "version" "2.0.0"

"mimic-fn@^2.1.0":
  "integrity" "sha512-OqbOk5oEQeAZ8WXWydlu9HJjz9WVdEIvamMCcXmuqUYjTknH/sqsWvhQ3vgwKFRR1HpjvNBKQ37nbJgYzGqGcg=="
  "resolved" "https://registry.npmjs.org/mimic-fn/-/mimic-fn-2.1.0.tgz"
  "version" "2.1.0"

"minimatch@^3.0.4":
  "integrity" "sha512-tUpxzX0VAzJHjLu0xUfFv1gwVp9ba3IOuRAVH2EGuRW8a5emA2FlACLqiT/lDVtS1W+TGNwqz3sWaNyLgDJWuw=="
  "resolved" "https://registry.npmjs.org/minimatch/-/minimatch-3.0.5.tgz"
  "version" "3.0.5"
  dependencies:
    "brace-expansion" "^1.1.7"

"minimist@^1.2.3", "minimist@^1.2.5":
  "integrity" "sha512-FM9nNUYrRBAELZQT3xeZQ7fmMOBg6nWNmJKTcgsJeaLstP/UODVpGsr5OhXhhXg6f+qtJ8uiZ+PUxkDWcgIXLw=="
  "resolved" "https://registry.npmjs.org/minimist/-/minimist-1.2.5.tgz"
  "version" "1.2.5"

"moment-timezone@^0.5.31":
  "integrity" "sha512-3zAEHh2hKUs3EXLESx/wsgw6IQdusOT8Bxm3D9UrHPQR7zlMmzwybC8zHEM1tQ4LJwP7fcxrWr8tuBg05fFCbg=="
  "resolved" "https://registry.npmjs.org/moment-timezone/-/moment-timezone-0.5.34.tgz"
  "version" "0.5.34"
  dependencies:
    "moment" ">= 2.9.0"

"moment@>= 2.9.0":
  "integrity" "sha512-kHmoybcPV8Sqy59DwNDY3Jefr64lK/by/da0ViFcuA4DH0vQg5Q6Ze5VimxkfQNSC+Mls/Kx53s7TjP1RhFEDQ=="
  "resolved" "https://registry.npmjs.org/moment/-/moment-2.29.1.tgz"
  "version" "2.29.1"

"ms@2.1.2":
  "integrity" "sha512-sGkPx+VjMtmA6MX27oA4FBFELFCZZ4S4XqeGOXCv68tT+jb3vk/RyaKWP0PTKyWtmLSM0b+adUTEvbs1PEaH2w=="
  "resolved" "https://registry.npmjs.org/ms/-/ms-2.1.2.tgz"
  "version" "2.1.2"

"msgpackr-extract@^1.0.14":
  "integrity" "sha512-fxdRfQUxPrL/TizyfYfMn09dK58e+d65bRD/fcaVH4052vj30QOzzqxcQIS7B0NsqlypEQ/6Du3QmP2DhWFfCA=="
  "resolved" "https://registry.npmjs.org/msgpackr-extract/-/msgpackr-extract-1.0.16.tgz"
  "version" "1.0.16"
  dependencies:
    "nan" "^2.14.2"
    "node-gyp-build" "^4.2.3"

"msgpackr@^1.4.6":
  "integrity" "sha512-Z7w5Jg+2Q9z9gJxeM68d7tSuWZZGnFIRhZnyqcZCa/1dKkhOCNvR1TUV3zzJ3+vj78vlwKRzUgVDlW4jiSOeDA=="
  "resolved" "https://registry.npmjs.org/msgpackr/-/msgpackr-1.5.4.tgz"
  "version" "1.5.4"
  optionalDependencies:
    "msgpackr-extract" "^1.0.14"

"nan@^2.14.2":
  "integrity" "sha512-8ZtvEnA2c5aYCZYd1cvgdnU6cqwixRoYg70xPLWUws5ORTa/lnw+u4amixRS/Ac5U5mQVgp9pnlSUnbNWFaWZQ=="
  "resolved" "https://registry.npmjs.org/nan/-/nan-2.15.0.tgz"
  "version" "2.15.0"

"node-dev@^7.1.0":
  "integrity" "sha512-wvlX+XQVGdwin0CQrWWCNvhb6Sf2FB/zNLFleg3o5Ml6jhAwWXKMX1JSP/1RSyf0atLXxD/L3vl7pNVJgClv/w=="
  "resolved" "https://registry.npmjs.org/node-dev/-/node-dev-7.1.0.tgz"
  "version" "7.1.0"
  dependencies:
    "dateformat" "^3.0.3"
    "dynamic-dedupe" "^0.3.0"
    "filewatcher" "~3.0.0"
    "minimist" "^1.2.5"
    "node-notifier" "^8.0.1"
    "resolve" "^1.0.0"
    "semver" "^7.3.5"

"node-gyp-build@^4.2.3":
  "integrity" "sha512-iWjXZvmboq0ja1pUGULQBexmxq8CV4xBhX7VDOTbL7ZR4FOowwY/VOtRxBN/yKxmdGoIp4j5ysNT4u3S2pDQ3Q=="
  "resolved" "https://registry.npmjs.org/node-gyp-build/-/node-gyp-build-4.3.0.tgz"
  "version" "4.3.0"

"node-notifier@^8.0.1":
  "integrity" "sha512-oJP/9NAdd9+x2Q+rfphB2RJCHjod70RcRLjosiPMMu5gjIfwVnOUGq2nbTjTUbmy0DJ/tFIVT30+Qe3nzl4TJg=="
  "resolved" "https://registry.npmjs.org/node-notifier/-/node-notifier-8.0.2.tgz"
  "version" "8.0.2"
  dependencies:
    "growly" "^1.3.0"
    "is-wsl" "^2.2.0"
    "semver" "^7.3.2"
    "shellwords" "^0.1.1"
    "uuid" "^8.3.0"
    "which" "^2.0.2"

"npm-run-path@^4.0.0":
  "integrity" "sha512-S48WzZW777zhNIrn7gxOlISNAqi9ZC/uQFnRdbeIHhZhCA6UqpkOT8T1G7BvfdgP4Er8gF4sUbaS0i7QvIfCWw=="
  "resolved" "https://registry.npmjs.org/npm-run-path/-/npm-run-path-4.0.1.tgz"
  "version" "4.0.1"
  dependencies:
    "path-key" "^3.0.0"

"object-keys@^1.0.12":
  "integrity" "sha512-NuAESUOUMrlIXOfHKzD6bpPu3tYt3xvjNdRIQ+FeT0lNb4K8WR70CaDxhuNguS2XG+GjkyMwOzsN5ZktImfhLA=="
  "resolved" "https://registry.npmjs.org/object-keys/-/object-keys-1.1.1.tgz"
  "version" "1.1.1"

"once@^1.3.0", "once@^1.3.1", "once@^1.4.0":
  "integrity" "sha1-WDsap3WWHUsROsF9nFC6753Xa9E="
  "resolved" "https://registry.npmjs.org/once/-/once-1.4.0.tgz"
  "version" "1.4.0"
  dependencies:
    "wrappy" "1"

"onetime@^5.1.0":
  "integrity" "sha512-kbpaSSGJTWdAY5KPVeMOKXSrPtr8C8C7wodJbcsd51jRnmD+GZu8Y0VoU6Dm5Z4vWr0Ig/1NKuWRKf7j5aaYSg=="
  "resolved" "https://registry.npmjs.org/onetime/-/onetime-5.1.2.tgz"
  "version" "5.1.2"
  dependencies:
    "mimic-fn" "^2.1.0"

"p-limit@^3.0.2":
  "integrity" "sha512-TYOanM3wGwNGsZN2cVTYPArw454xnXj5qmWF1bEoAc4+cU/ol7GVh7odevjp1FNHduHc3KZMcFduxU5Xc6uJRQ=="
  "resolved" "https://registry.npmjs.org/p-limit/-/p-limit-3.1.0.tgz"
  "version" "3.1.0"
  dependencies:
    "yocto-queue" "^0.1.0"

"p-locate@^5.0.0":
  "integrity" "sha512-LaNjtRWUBY++zB5nE/NwcaoMylSPk+S+ZHNB1TzdbMJMny6dynpAGt7X/tl/QYq3TIeE6nxHppbo2LGymrG5Pw=="
  "resolved" "https://registry.npmjs.org/p-locate/-/p-locate-5.0.0.tgz"
  "version" "5.0.0"
  dependencies:
    "p-limit" "^3.0.2"

"p-map@^2.1.0":
  "integrity" "sha512-y3b8Kpd8OAN444hxfBbFfj1FY/RjtTd8tzYwhUqNYXx0fXx2iX4maP4Qr6qhIKbQXI02wTLAda4fYUbDagTUFw=="
  "resolved" "https://registry.npmjs.org/p-map/-/p-map-2.1.0.tgz"
  "version" "2.1.0"

"path-exists@^4.0.0":
  "integrity" "sha512-ak9Qy5Q7jYb2Wwcey5Fpvg2KoAc/ZIhLSLOSBmRmygPsGwkVVt0fZa0qrtMz+m6tJTAHfZQ8FnmB4MG4LWy7/w=="
  "resolved" "https://registry.npmjs.org/path-exists/-/path-exists-4.0.0.tgz"
  "version" "4.0.0"

"path-is-absolute@^1.0.0":
  "integrity" "sha1-F0uSaHNVNP+8es5r9TpanhtcX18="
  "resolved" "https://registry.npmjs.org/path-is-absolute/-/path-is-absolute-1.0.1.tgz"
  "version" "1.0.1"

"path-key@^3.0.0", "path-key@^3.1.0":
  "integrity" "sha512-ojmeN0qd+y0jszEtoY48r0Peq5dwMEkIlCOu6Q5f41lfkswXuKtYrhgoTpLnyIcHm24Uhqx+5Tqm2InSwLhE6Q=="
  "resolved" "https://registry.npmjs.org/path-key/-/path-key-3.1.1.tgz"
  "version" "3.1.1"

"path-parse@^1.0.7":
  "integrity" "sha512-LDJzPVEEEPR+y48z93A0Ed0yXb8pAByGWo/k5YYdYgpY2/2EsOsksJrq7lOHxryrVOn1ejG6oAp8ahvOIQD8sw=="
  "resolved" "https://registry.npmjs.org/path-parse/-/path-parse-1.0.7.tgz"
  "version" "1.0.7"

"pkg-dir@^5":
  "integrity" "sha512-NPE8TDbzl/3YQYY7CSS228s3g2ollTFnc+Qi3tqmqJp9Vg2ovUpixcJEo2HJScN2Ez+kEaal6y70c0ehqJBJeA=="
  "resolved" "https://registry.npmjs.org/pkg-dir/-/pkg-dir-5.0.0.tgz"
  "version" "5.0.0"
  dependencies:
    "find-up" "^5.0.0"

"pump@^3.0.0":
  "integrity" "sha512-LwZy+p3SFs1Pytd/jYct4wpv49HiYCqd9Rlc5ZVdk0V+8Yzv6jR5Blk3TRmPL1ft69TxP0IMZGJ+WPFU2BFhww=="
  "resolved" "https://registry.npmjs.org/pump/-/pump-3.0.0.tgz"
  "version" "3.0.0"
  dependencies:
    "end-of-stream" "^1.1.0"
    "once" "^1.3.1"

"rechoir@^0.6.2":
  "integrity" "sha1-hSBLVNuoLVdC4oyWdW70OvUOM4Q="
  "resolved" "https://registry.npmjs.org/rechoir/-/rechoir-0.6.2.tgz"
  "version" "0.6.2"
  dependencies:
    "resolve" "^1.1.6"

"redis-commands@1.7.0":
  "integrity" "sha512-nJWqw3bTFy21hX/CPKHth6sfhZbdiHP6bTawSgQBlKOVRG7EZkfHbbHwQJnrE4vsQf0CMNE+3gJ4Fmm16vdVlQ=="
  "resolved" "https://registry.npmjs.org/redis-commands/-/redis-commands-1.7.0.tgz"
  "version" "1.7.0"

"redis-errors@^1.0.0", "redis-errors@^1.2.0":
  "integrity" "sha1-62LSrbFeTq9GEMBK/hUpOEJQq60="
  "resolved" "https://registry.npmjs.org/redis-errors/-/redis-errors-1.2.0.tgz"
  "version" "1.2.0"

"redis-parser@^3.0.0":
  "integrity" "sha1-tm2CjNyv5rS4pCin3vTGvKwxyLQ="
  "resolved" "https://registry.npmjs.org/redis-parser/-/redis-parser-3.0.0.tgz"
  "version" "3.0.0"
  dependencies:
    "redis-errors" "^1.0.0"

"resolve@^1.0.0", "resolve@^1.1.6":
  "integrity" "sha512-Hhtrw0nLeSrFQ7phPp4OOcVjLPIeMnRlr5mcnVuMe7M/7eBn98A3hmFRLoFo3DLZkivSYwhRUJTyPyWAk56WLw=="
  "resolved" "https://registry.npmjs.org/resolve/-/resolve-1.22.0.tgz"
  "version" "1.22.0"
  dependencies:
    "is-core-module" "^2.8.1"
    "path-parse" "^1.0.7"
    "supports-preserve-symlinks-flag" "^1.0.0"

"semver@^6.3.0":
  "integrity" "sha512-b39TBaTSfV6yBrapU89p5fKekE2m/NwnDocOVruQFS1/veMgdzuPcnOM34M6CwxW8jH/lxEa5rBoDeUwu5HHTw=="
  "resolved" "https://registry.npmjs.org/semver/-/semver-6.3.0.tgz"
  "version" "6.3.0"

"semver@^7.3.2":
  "integrity" "sha512-PoeGJYh8HK4BTO/a9Tf6ZG3veo/A7ZVsYrSA6J8ny9nb3B1VrpkuN+z9OE5wfE5p6H4LchYZsegiQgbJD94ZFQ=="
  "resolved" "https://registry.npmjs.org/semver/-/semver-7.3.5.tgz"
  "version" "7.3.5"
  dependencies:
    "lru-cache" "^6.0.0"

"semver@^7.3.5":
  "integrity" "sha512-PoeGJYh8HK4BTO/a9Tf6ZG3veo/A7ZVsYrSA6J8ny9nb3B1VrpkuN+z9OE5wfE5p6H4LchYZsegiQgbJD94ZFQ=="
  "resolved" "https://registry.npmjs.org/semver/-/semver-7.3.5.tgz"
  "version" "7.3.5"
  dependencies:
    "lru-cache" "^6.0.0"

"shebang-command@^2.0.0":
  "integrity" "sha512-kHxr2zZpYtdmrN1qDjrrX/Z1rR1kG8Dx+gkpK1G4eXmvXswmcE1hTWBWYUzlraYw1/yZp6YuDY77YtvbN0dmDA=="
  "resolved" "https://registry.npmjs.org/shebang-command/-/shebang-command-2.0.0.tgz"
  "version" "2.0.0"
  dependencies:
    "shebang-regex" "^3.0.0"

"shebang-regex@^3.0.0":
  "integrity" "sha512-7++dFhtcx3353uBaq8DDR4NuxBetBzC7ZQOhmTQInHEd6bSrXdiEyzCvG07Z44UYdLShWUyXt5M/yhz8ekcb1A=="
  "resolved" "https://registry.npmjs.org/shebang-regex/-/shebang-regex-3.0.0.tgz"
  "version" "3.0.0"

"shelljs@^0.8.5":
  "integrity" "sha512-TiwcRcrkhHvbrZbnRcFYMLl30Dfov3HKqzp5tO5b4pt6G/SezKcYhmDg15zXVBswHmctSAQKznqNW2LO5tTDow=="
  "resolved" "https://registry.npmjs.org/shelljs/-/shelljs-0.8.5.tgz"
  "version" "0.8.5"
  dependencies:
    "glob" "^7.0.0"
    "interpret" "^1.0.0"
    "rechoir" "^0.6.2"

"shellwords@^0.1.1":
  "integrity" "sha512-vFwSUfQvqybiICwZY5+DAWIPLKsWO31Q91JSKl3UYv+K5c2QRPzn0qzec6QPu1Qc9eHYItiP3NdJqNVqetYAww=="
  "resolved" "https://registry.npmjs.org/shellwords/-/shellwords-0.1.1.tgz"
  "version" "0.1.1"

"shx@^0.3.4":
  "integrity" "sha512-N6A9MLVqjxZYcVn8hLmtneQWIJtp8IKzMP4eMnx+nqkvXoqinUPCbUFLp2UcWTEIUONhlk0ewxr/jaVGlc+J+g=="
  "resolved" "https://registry.npmjs.org/shx/-/shx-0.3.4.tgz"
  "version" "0.3.4"
  dependencies:
    "minimist" "^1.2.3"
    "shelljs" "^0.8.5"

"signal-exit@^3.0.2":
  "integrity" "sha512-wnD2ZE+l+SPC/uoS0vXeE9L1+0wuaMqKlfz9AMUo38JsyLSBWSFcHR1Rri62LZc12vLr1gb3jl7iwQhgwpAbGQ=="
  "resolved" "https://registry.npmjs.org/signal-exit/-/signal-exit-3.0.7.tgz"
  "version" "3.0.7"

"standard-as-callback@^2.1.0":
  "integrity" "sha512-qoRRSyROncaz1z0mvYqIE4lCd9p2R90i6GxW3uZv5ucSu8tU7B5HXUP1gG8pVZsYNVaXjk8ClXHPttLyxAL48A=="
  "resolved" "https://registry.npmjs.org/standard-as-callback/-/standard-as-callback-2.1.0.tgz"
  "version" "2.1.0"

"std-env@^2.2.1":
  "integrity" "sha512-eOsoKTWnr6C8aWrqJJ2KAReXoa7Vn5Ywyw6uCXgA/xDhxPoaIsBa5aNJmISY04dLwXPBnDHW4diGM7Sn5K4R/g=="
  "resolved" "https://registry.npmjs.org/std-env/-/std-env-2.3.1.tgz"
  "version" "2.3.1"
  dependencies:
    "ci-info" "^3.1.1"

"strip-final-newline@^2.0.0":
  "integrity" "sha512-BrpvfNAE3dcvq7ll3xVumzjKjZQ5tI1sEUIKr3Uoks0XUl45St3FlatVqef9prk4jRDzhW6WZg+3bk93y6pLjA=="
  "resolved" "https://registry.npmjs.org/strip-final-newline/-/strip-final-newline-2.0.0.tgz"
  "version" "2.0.0"

"supports-preserve-symlinks-flag@^1.0.0":
  "integrity" "sha512-ot0WnXS9fgdkgIcePe6RHNk1WA8+muPa6cSjeR3V8K27q9BB1rTE3R1p7Hv0z1ZyAc8s6Vvv8DIyWf681MAt0w=="
  "resolved" "https://registry.npmjs.org/supports-preserve-symlinks-flag/-/supports-preserve-symlinks-flag-1.0.0.tgz"
  "version" "1.0.0"

"tslib@^1.14.1":
  "integrity" "sha512-Xni35NKzjgMrwevysHTCArtLDpPvye8zV/0E4EyYn43P7/7qvQwPh9BGkHewbMulVntbigmcT7rdX3BNo9wRJg=="
  "resolved" "https://registry.npmjs.org/tslib/-/tslib-1.14.1.tgz"
  "version" "1.14.1"

"typescript@^4.5.5":
  "integrity" "sha512-TCTIul70LyWe6IJWT8QSYeA54WQe8EjQFU4wY52Fasj5UKx88LNYKCgBEHcOMOrFF1rKGbD8v/xcNWVUq9SymA=="
  "resolved" "https://registry.npmjs.org/typescript/-/typescript-4.5.5.tgz"
  "version" "4.5.5"

"universalify@^2.0.0":
  "integrity" "sha512-hAZsKq7Yy11Zu1DE0OzWjw7nnLZmJZYTDZZyEFHZdUhV8FkH5MCfoU1XMaxXovpyW5nq5scPqq0ZDP9Zyl04oQ=="
  "resolved" "https://registry.npmjs.org/universalify/-/universalify-2.0.0.tgz"
  "version" "2.0.0"

"uuid@^8.3.0", "uuid@^8.3.2":
  "integrity" "sha512-+NYs2QeMWy+GWFOEm9xnn6HCDp0l7QBD7ml8zLUmJ+93Q5NF0NocErnwkTkXVFNiX3/fpC6afS8Dhb/gz7R7eg=="
  "resolved" "https://registry.npmjs.org/uuid/-/uuid-8.3.2.tgz"
  "version" "8.3.2"

"which@^2.0.1", "which@^2.0.2":
  "integrity" "sha512-BLI3Tl1TW3Pvl70l3yq3Y64i+awpwXqsGBYWkkqMtnbXgrMD+yj7rhW0kuEDxzJaYXGjEW5ogapKNMEKNMjibA=="
  "resolved" "https://registry.npmjs.org/which/-/which-2.0.2.tgz"
  "version" "2.0.2"
  dependencies:
    "isexe" "^2.0.0"

"wrappy@1":
  "integrity" "sha1-tSQ9jz7BqjXxNkYFvA0QNuMKtp8="
  "resolved" "https://registry.npmjs.org/wrappy/-/wrappy-1.0.2.tgz"
  "version" "1.0.2"

"xtend@^4.0.0":
  "integrity" "sha512-LKYU1iAXJXUgAXn9URjiu+MWhyUXHsvfp7mcuYm9dSUKK0/CjtrUwFAxD82/mCWbtLsGjFIad0wIsod4zrTAEQ=="
  "resolved" "https://registry.npmjs.org/xtend/-/xtend-4.0.2.tgz"
  "version" "4.0.2"

"yallist@^4.0.0":
  "integrity" "sha512-3wdGidZyq5PB084XLES5TpOSRA3wjXAlIWMhum2kRcv/41Sn2emQ0dycQW4uZXLejwKvg6EsvbdlVL+FYEct7A=="
  "resolved" "https://registry.npmjs.org/yallist/-/yallist-4.0.0.tgz"
  "version" "4.0.0"

"yocto-queue@^0.1.0":
  "integrity" "sha512-rVksvsnNCdJ/ohGc6xgPwyN8eheCxsiLM8mxuE/t/mOVqJewPuO1miLpTHQiRgTKCLexL4MeAFVagts7HmNZ2Q=="
  "resolved" "https://registry.npmjs.org/yocto-queue/-/yocto-queue-0.1.0.tgz"
  "version" "0.1.0"
